{
    "_readme": [
        "This file locks the dependencies of your project to a known state",
        "Read more about it at https://getcomposer.org/doc/01-basic-usage.md#installing-dependencies",
        "This file is @generated automatically"
    ],
    "content-hash": "d36d26128cb45ea8e655d53209eb4835",
    "packages": [],
    "packages-dev": [
        {
            "name": "laracademy/generators",
            "version": "2.0",
            "source": {
                "type": "git",
                "url": "https://github.com/laracademy/generators.git",
                "reference": "03251ba3906c2dfbbf1aab7b01f3fe439dde3deb"
            },
            "dist": {
                "type": "zip",
                "url": "https://api.github.com/repos/laracademy/generators/zipball/03251ba3906c2dfbbf1aab7b01f3fe439dde3deb",
                "reference": "03251ba3906c2dfbbf1aab7b01f3fe439dde3deb",
                "shasum": ""
            },
            "type": "library",
            "extra": {
                "laravel": {
                    "providers": [
                        "Laracademy\\Generators\\GeneratorsServiceProvider"
                    ]
                }
            },
            "autoload": {
                "psr-4": {
                    "Laracademy\\Generators\\": "src/"
                }
            },
            "notification-url": "https://packagist.org/downloads/",
            "license": [
                "MIT"
            ],
            "authors": [
                {
                    "name": "Michael McMullen",
                    "email": "michael@laracademy.co"
                }
            ],
            "description": "This package will generate a Laravel Model based on your database table itself, filling in the required fields automatically.",
            "keywords": [
                "generators",
                "laravel"
            ],
            "time": "2019-10-02T04:41:45+00:00"
        }
    ],
    "aliases": [],
    "minimum-stability": "stable",
    "stability-flags": [],
    "prefer-stable": false,
    "prefer-lowest": false,
    "platform": [],
    "platform-dev": []
}
